// !$*UTF8*$!
{
	archiveVersion = 1;
	classes = {
	};
	objectVersion = 55;
	objects = {

/* Begin PBXBuildFile section */
		32DFDFFB2DACE1970056BEE8 /* AppDelegate.swift in Sources */ = {isa = PBXBuildFile; fileRef = 32DFDFFA2DACE1970056BEE8 /* AppDelegate.swift */; };
		32DFDFFD2DACE1970056BEE8 /* SceneDelegate.swift in Sources */ = {isa = PBXBuildFile; fileRef = 32DFDFFC2DACE1970056BEE8 /* SceneDelegate.swift */; };
		32DFDFFF2DACE1970056BEE8 /* ViewController.swift in Sources */ = {isa = PBXBuildFile; fileRef = 32DFDFFE2DACE1970056BEE8 /* ViewController.swift */; };
		32DFE0022DACE1970056BEE8 /* Main.storyboard in Resources */ = {isa = PBXBuildFile; fileRef = 32DFE0002DACE1970056BEE8 /* Main.storyboard */; };
		32DFE0042DACE19D0056BEE8 /* Assets.xcassets in Resources */ = {isa = PBXBuildFile; fileRef = 32DFE0032DACE19D0056BEE8 /* Assets.xcassets */; };
		32DFE0072DACE19D0056BEE8 /* LaunchScreen.storyboard in Resources */ = {isa = PBXBuildFile; fileRef = 32DFE0052DACE19D0056BEE8 /* LaunchScreen.storyboard */; };
		3C5BDB3C29ED3C178118CF4A /* Pods_FilteringOperations.framework in Frameworks */ = {isa = PBXBuildFile; fileRef = A579179001FC755E32F66F51 /* Pods_FilteringOperations.framework */; };
/* End PBXBuildFile section */

/* Begin PBXFileReference section */
		18294FBD26CE3B2063B2C763 /* Pods-FilteringOperations.debug.xcconfig */ = {isa = PBXFileReference; includeInIndex = 1; lastKnownFileType = text.xcconfig; name = "Pods-FilteringOperations.debug.xcconfig"; path = "Target Support Files/Pods-FilteringOperations/Pods-FilteringOperations.debug.xcconfig"; sourceTree = "<group>"; };
		32DFDFF72DACE1970056BEE8 /* FilteringOperations.app */ = {isa = PBXFileReference; explicitFileType = wrapper.application; includeInIndex = 0; path = FilteringOperations.app; sourceTree = BUILT_PRODUCTS_DIR; };
		32DFDFFA2DACE1970056BEE8 /* AppDelegate.swift */ = {isa = PBXFileReference; lastKnownFileType = sourcecode.swift; path = AppDelegate.swift; sourceTree = "<group>"; };
		32DFDFFC2DACE1970056BEE8 /* SceneDelegate.swift */ = {isa = PBXFileReference; lastKnownFileType = sourcecode.swift; path = SceneDelegate.swift; sourceTree = "<group>"; };
		32DFDFFE2DACE1970056BEE8 /* ViewController.swift */ = {isa = PBXFileReference; lastKnownFileType = sourcecode.swift; path = ViewController.swift; sourceTree = "<group>"; };
		32DFE0012DACE1970056BEE8 /* Base */ = {isa = PBXFileReference; lastKnownFileType = file.storyboard; name = Base; path = Base.lproj/Main.storyboard; sourceTree = "<group>"; };
		32DFE0032DACE19D0056BEE8 /* Assets.xcassets */ = {isa = PBXFileReference; lastKnownFileType = folder.assetcatalog; path = Assets.xcassets; sourceTree = "<group>"; };
		32DFE0062DACE19D0056BEE8 /* Base */ = {isa = PBXFileReference; lastKnownFileType = file.storyboard; name = Base; path = Base.lproj/LaunchScreen.storyboard; sourceTree = "<group>"; };
		32DFE0082DACE19D0056BEE8 /* Info.plist */ = {isa = PBXFileReference; lastKnownFileType = text.plist.xml; path = Info.plist; sourceTree = "<group>"; };
		A579179001FC755E32F66F51 /* Pods_FilteringOperations.framework */ = {isa = PBXFileReference; explicitFileType = wrapper.framework; includeInIndex = 0; path = Pods_FilteringOperations.framework; sourceTree = BUILT_PRODUCTS_DIR; };
		F3593773557D5A884330275E /* Pods-FilteringOperations.release.xcconfig */ = {isa = PBXFileReference; includeInIndex = 1; lastKnownFileType = text.xcconfig; name = "Pods-FilteringOperations.release.xcconfig"; path = "Target Support Files/Pods-FilteringOperations/Pods-FilteringOperations.release.xcconfig"; sourceTree = "<group>"; };
/* End PBXFileReference section */

/* Begin PBXFrameworksBuildPhase section */
		32DFDFF42DACE1970056BEE8 /* Frameworks */ = {
			isa = PBXFrameworksBuildPhase;
			buildActionMask = 2147483647;
			files = (
				3C5BDB3C29ED3C178118CF4A /* Pods_FilteringOperations.framework in Frameworks */,
			);
			runOnlyForDeploymentPostprocessing = 0;
		};
/* End PBXFrameworksBuildPhase section */

/* Begin PBXGroup section */
		32DFDFEE2DACE1970056BEE8 = {
			isa = PBXGroup;
			children = (
				32DFDFF92DACE1970056BEE8 /* FilteringOperations */,
				32DFDFF82DACE1970056BEE8 /* Products */,
				93434532CEEE6BB6C63BE574 /* Pods */,
				3738963A5A953FEA2D6E649E /* Frameworks */,
			);
			sourceTree = "<group>";
		};
		32DFDFF82DACE1970056BEE8 /* Products */ = {
			isa = PBXGroup;
			children = (
				32DFDFF72DACE1970056BEE8 /* FilteringOperations.app */,
			);
			name = Products;
			sourceTree = "<group>";
		};
		32DFDFF92DACE1970056BEE8 /* FilteringOperations */ = {
			isa = PBXGroup;
			children = (
				32DFDFFA2DACE1970056BEE8 /* AppDelegate.swift */,
				32DFDFFC2DACE1970056BEE8 /* SceneDelegate.swift */,
				32DFDFFE2DACE1970056BEE8 /* ViewController.swift */,
				32DFE0002DACE1970056BEE8 /* Main.storyboard */,
				32DFE0032DACE19D0056BEE8 /* Assets.xcassets */,
				32DFE0052DACE19D0056BEE8 /* LaunchScreen.storyboard */,
				32DFE0082DACE19D0056BEE8 /* Info.plist */,
			);
			path = FilteringOperations;
			sourceTree = "<group>";
		};
		3738963A5A953FEA2D6E649E /* Frameworks */ = {
			isa = PBXGroup;
			children = (
				A579179001FC755E32F66F51 /* Pods_FilteringOperations.framework */,
			);
			name = Frameworks;
			sourceTree = "<group>";
		};
		93434532CEEE6BB6C63BE574 /* Pods */ = {
			isa = PBXGroup;
			children = (
				18294FBD26CE3B2063B2C763 /* Pods-FilteringOperations.debug.xcconfig */,
				F3593773557D5A884330275E /* Pods-FilteringOperations.release.xcconfig */,
			);
			name = Pods;
			path = Pods;
			sourceTree = "<group>";
		};
/* End PBXGroup section */

/* Begin PBXNativeTarget section */
		32DFDFF62DACE1970056BEE8 /* FilteringOperations */ = {
			isa = PBXNativeTarget;
			buildConfigurationList = 32DFE00B2DACE19D0056BEE8 /* Build configuration list for PBXNativeTarget "FilteringOperations" */;
			buildPhases = (
				90F3446690742F824604482F /* [CP] Check Pods Manifest.lock */,
				32DFDFF32DACE1970056BEE8 /* Sources */,
				32DFDFF42DACE1970056BEE8 /* Frameworks */,
				32DFDFF52DACE1970056BEE8 /* Resources */,
				A9F568FAE2536E3AC637F3DC /* [CP] Embed Pods Frameworks */,
			);
			buildRules = (
			);
			dependencies = (
			);
			name = FilteringOperations;
			productName = FilteringOperations;
			productReference = 32DFDFF72DACE1970056BEE8 /* FilteringOperations.app */;
			productType = "com.apple.product-type.application";
		};
/* End PBXNativeTarget section */

/* Begin PBXProject section */
		32DFDFEF2DACE1970056BEE8 /* Project object */ = {
			isa = PBXProject;
			attributes = {
				BuildIndependentTargetsInParallel = 1;
				LastSwiftUpdateCheck = 1320;
				LastUpgradeCheck = 1320;
				TargetAttributes = {
					32DFDFF62DACE1970056BEE8 = {
						CreatedOnToolsVersion = 13.2.1;
					};
				};
			};
			buildConfigurationList = 32DFDFF22DACE1970056BEE8 /* Build configuration list for PBXProject "FilteringOperations" */;
			compatibilityVersion = "Xcode 13.0";
			developmentRegion = en;
			hasScannedForEncodings = 0;
			knownRegions = (
				en,
				Base,
			);
			mainGroup = 32DFDFEE2DACE1970056BEE8;
			productRefGroup = 32DFDFF82DACE1970056BEE8 /* Products */;
			projectDirPath = "";
			projectRoot = "";
			targets = (
				32DFDFF62DACE1970056BEE8 /* FilteringOperations */,
			);
		};
/* End PBXProject section */

/* Begin PBXResourcesBuildPhase section */
		32DFDFF52DACE1970056BEE8 /* Resources */ = {
			isa = PBXResourcesBuildPhase;
			buildActionMask = 2147483647;
			files = (
				32DFE0072DACE19D0056BEE8 /* LaunchScreen.storyboard in Resources */,
				32DFE0042DACE19D0056BEE8 /* Assets.xcassets in Resources */,
				32DFE0022DACE1970056BEE8 /* Main.storyboard in Resources */,
			);
			runOnlyForDeploymentPostprocessing = 0;
		};
/* End PBXResourcesBuildPhase section */

/* Begin PBXShellScriptBuildPhase section */
		90F3446690742F824604482F /* [CP] Check Pods Manifest.lock */ = {
			isa = PBXShellScriptBuildPhase;
			buildActionMask = 2147483647;
			files = (
			);
			inputFileListPaths = (
			);
			inputPaths = (
				"${PODS_PODFILE_DIR_PATH}/Podfile.lock",
				"${PODS_ROOT}/Manifest.lock",
			);
			name = "[CP] Check Pods Manifest.lock";
			outputFileListPaths = (
			);
			outputPaths = (
				"$(DERIVED_FILE_DIR)/Pods-FilteringOperations-checkManifestLockResult.txt",
			);
			runOnlyForDeploymentPostprocessing = 0;
			shellPath = /bin/sh;
			shellScript = "diff \"${PODS_PODFILE_DIR_PATH}/Podfile.lock\" \"${PODS_ROOT}/Manifest.lock\" > /dev/null\nif [ $? != 0 ] ; then\n    # print error to STDERR\n    echo \"error: The sandbox is not in sync with the Podfile.lock. Run 'pod install' or update your CocoaPods installation.\" >&2\n    exit 1\nfi\n# This output is used by Xcode 'outputs' to avoid re-running this script phase.\necho \"SUCCESS\" > \"${SCRIPT_OUTPUT_FILE_0}\"\n";
			showEnvVarsInLog = 0;
		};
		A9F568FAE2536E3AC637F3DC /* [CP] Embed Pods Frameworks */ = {
			isa = PBXShellScriptBuildPhase;
			buildActionMask = 2147483647;
			files = (
			);
			inputFileListPaths = (
				"${PODS_ROOT}/Target Support Files/Pods-FilteringOperations/Pods-FilteringOperations-frameworks-${CONFIGURATION}-input-files.xcfilelist",
			);
			name = "[CP] Embed Pods Frameworks";
			outputFileListPaths = (
				"${PODS_ROOT}/Target Support Files/Pods-FilteringOperations/Pods-FilteringOperations-frameworks-${CONFIGURATION}-output-files.xcfilelist",
			);
			runOnlyForDeploymentPostprocessing = 0;
			shellPath = /bin/sh;
			shellScript = "\"${PODS_ROOT}/Target Support Files/Pods-FilteringOperations/Pods-FilteringOperations-frameworks.sh\"\n";
			showEnvVarsInLog = 0;
		};
/* End PBXShellScriptBuildPhase section */

/* Begin PBXSourcesBuildPhase section */
		32DFDFF32DACE1970056BEE8 /* Sources */ = {
			isa = PBXSourcesBuildPhase;
			buildActionMask = 2147483647;
			files = (
				32DFDFFF2DACE1970056BEE8 /* ViewController.swift in Sources */,
				32DFDFFB2DACE1970056BEE8 /* AppDelegate.swift in Sources */,
				32DFDFFD2DACE1970056BEE8 /* SceneDelegate.swift in Sources */,
			);
			runOnlyForDeploymentPostprocessing = 0;
		};
/* End PBXSourcesBuildPhase section */

/* Begin PBXVariantGroup section */
		32DFE0002DACE1970056BEE8 /* Main.storyboard */ = {
			isa = PBXVariantGroup;
			children = (
				32DFE0012DACE1970056BEE8 /* Base */,
			);
			name = Main.storyboard;
			sourceTree = "<group>";
		};
		32DFE0052DACE19D0056BEE8 /* LaunchScreen.storyboard */ = {
			isa = PBXVariantGroup;
			children = (
				32DFE0062DACE19D0056BEE8 /* Base */,
			);
			name = LaunchScreen.storyboard;
			sourceTree = "<group>";
		};
/* End PBXVariantGroup section */

/* Begin XCBuildConfiguration section */
		32DFE0092DACE19D0056BEE8 /* Debug */ = {
			isa = XCBuildConfiguration;
			buildSettings = {
				ALWAYS_SEARCH_USER_PATHS = NO;
				CLANG_ANALYZER_NONNULL = YES;
				CLANG_ANALYZER_NUMBER_OBJECT_CONVERSION = YES_AGGRESSIVE;
				CLANG_CXX_LANGUAGE_STANDARD = "gnu++17";
				CLANG_CXX_LIBRARY = "libc++";
				CLANG_ENABLE_MODULES = YES;
				CLANG_ENABLE_OBJC_ARC = YES;
				CLANG_ENABLE_OBJC_WEAK = YES;
				CLANG_WARN_BLOCK_CAPTURE_AUTORELEASING = YES;
				CLANG_WARN_BOOL_CONVERSION = YES;
				CLANG_WARN_COMMA = YES;
				CLANG_WARN_CONSTANT_CONVERSION = YES;
				CLANG_WARN_DEPRECATED_OBJC_IMPLEMENTATIONS = YES;
				CLANG_WARN_DIRECT_OBJC_ISA_USAGE = YES_ERROR;
				CLANG_WARN_DOCUMENTATION_COMMENTS = YES;
				CLANG_WARN_EMPTY_BODY = YES;
				CLANG_WARN_ENUM_CONVERSION = YES;
				CLANG_WARN_INFINITE_RECURSION = YES;
				CLANG_WARN_INT_CONVERSION = YES;
				CLANG_WARN_NON_LITERAL_NULL_CONVERSION = YES;
				CLANG_WARN_OBJC_IMPLICIT_RETAIN_SELF = YES;
				CLANG_WARN_OBJC_LITERAL_CONVERSION = YES;
				CLANG_WARN_OBJC_ROOT_CLASS = YES_ERROR;
				CLANG_WARN_QUOTED_INCLUDE_IN_FRAMEWORK_HEADER = YES;
				CLANG_WARN_RANGE_LOOP_ANALYSIS = YES;
				CLANG_WARN_STRICT_PROTOTYPES = YES;
				CLANG_WARN_SUSPICIOUS_MOVE = YES;
				CLANG_WARN_UNGUARDED_AVAILABILITY = YES_AGGRESSIVE;
				CLANG_WARN_UNREACHABLE_CODE = YES;
				CLANG_WARN__DUPLICATE_METHOD_MATCH = YES;
				COPY_PHASE_STRIP = NO;
				DEBUG_INFORMATION_FORMAT = dwarf;
				ENABLE_STRICT_OBJC_MSGSEND = YES;
				ENABLE_TESTABILITY = YES;
				GCC_C_LANGUAGE_STANDARD = gnu11;
				GCC_DYNAMIC_NO_PIC = NO;
				GCC_NO_COMMON_BLOCKS = YES;
				GCC_OPTIMIZATION_LEVEL = 0;
				GCC_PREPROCESSOR_DEFINITIONS = (
					"DEBUG=1",
					"$(inherited)",
				);
				GCC_WARN_64_TO_32_BIT_CONVERSION = YES;
				GCC_WARN_ABOUT_RETURN_TYPE = YES_ERROR;
				GCC_WARN_UNDECLARED_SELECTOR = YES;
				GCC_WARN_UNINITIALIZED_AUTOS = YES_AGGRESSIVE;
				GCC_WARN_UNUSED_FUNCTION = YES;
				GCC_WARN_UNUSED_VARIABLE = YES;
				IPHONEOS_DEPLOYMENT_TARGET = 15.2;
				MTL_ENABLE_DEBUG_INFO = INCLUDE_SOURCE;
				MTL_FAST_MATH = YES;
				ONLY_ACTIVE_ARCH = YES;
				SDKROOT = iphoneos;
				SWIFT_ACTIVE_COMPILATION_CONDITIONS = DEBUG;
				SWIFT_OPTIMIZATION_LEVEL = "-Onone";
			};
			name = Debug;
		};
		32DFE00A2DACE19D0056BEE8 /* Release */ = {
			isa = XCBuildConfiguration;
			buildSettings = {
				ALWAYS_SEARCH_USER_PATHS = NO;
				CLANG_ANALYZER_NONNULL = YES;
				CLANG_ANALYZER_NUMBER_OBJECT_CONVERSION = YES_AGGRESSIVE;
				CLANG_CXX_LANGUAGE_STANDARD = "gnu++17";
				CLANG_CXX_LIBRARY = "libc++";
				CLANG_ENABLE_MODULES = YES;
				CLANG_ENABLE_OBJC_ARC = YES;
				CLANG_ENABLE_OBJC_WEAK = YES;
				CLANG_WARN_BLOCK_CAPTURE_AUTORELEASING = YES;
				CLANG_WARN_BOOL_CONVERSION = YES;
				CLANG_WARN_COMMA = YES;
				CLANG_WARN_CONSTANT_CONVERSION = YES;
				CLANG_WARN_DEPRECATED_OBJC_IMPLEMENTATIONS = YES;
				CLANG_WARN_DIRECT_OBJC_ISA_USAGE = YES_ERROR;
				CLANG_WARN_DOCUMENTATION_COMMENTS = YES;
				CLANG_WARN_EMPTY_BODY = YES;
				CLANG_WARN_ENUM_CONVERSION = YES;
				CLANG_WARN_INFINITE_RECURSION = YES;
				CLANG_WARN_INT_CONVERSION = YES;
				CLANG_WARN_NON_LITERAL_NULL_CONVERSION = YES;
				CLANG_WARN_OBJC_IMPLICIT_RETAIN_SELF = YES;
				CLANG_WARN_OBJC_LITERAL_CONVERSION = YES;
				CLANG_WARN_OBJC_ROOT_CLASS = YES_ERROR;
				CLANG_WARN_QUOTED_INCLUDE_IN_FRAMEWORK_HEADER = YES;
				CLANG_WARN_RANGE_LOOP_ANALYSIS = YES;
				CLANG_WARN_STRICT_PROTOTYPES = YES;
				CLANG_WARN_SUSPICIOUS_MOVE = YES;
				CLANG_WARN_UNGUARDED_AVAILABILITY = YES_AGGRESSIVE;
				CLANG_WARN_UNREACHABLE_CODE = YES;
				CLANG_WARN__DUPLICATE_METHOD_MATCH = YES;
				COPY_PHASE_STRIP = NO;
				DEBUG_INFORMATION_FORMAT = "dwarf-with-dsym";
				ENABLE_NS_ASSERTIONS = NO;
				ENABLE_STRICT_OBJC_MSGSEND = YES;
				GCC_C_LANGUAGE_STANDARD = gnu11;
				GCC_NO_COMMON_BLOCKS = YES;
				GCC_WARN_64_TO_32_BIT_CONVERSION = YES;
				GCC_WARN_ABOUT_RETURN_TYPE = YES_ERROR;
				GCC_WARN_UNDECLARED_SELECTOR = YES;
				GCC_WARN_UNINITIALIZED_AUTOS = YES_AGGRESSIVE;
				GCC_WARN_UNUSED_FUNCTION = YES;
				GCC_WARN_UNUSED_VARIABLE = YES;
				IPHONEOS_DEPLOYMENT_TARGET = 15.2;
				MTL_ENABLE_DEBUG_INFO = NO;
				MTL_FAST_MATH = YES;
				SDKROOT = iphoneos;
				SWIFT_COMPILATION_MODE = wholemodule;
				SWIFT_OPTIMIZATION_LEVEL = "-O";
				VALIDATE_PRODUCT = YES;
			};
			name = Release;
		};
		32DFE00C2DACE19D0056BEE8 /* Debug */ = {
			isa = XCBuildConfiguration;
			baseConfigurationReference = 18294FBD26CE3B2063B2C763 /* Pods-FilteringOperations.debug.xcconfig */;
			buildSettings = {
				ASSETCATALOG_COMPILER_APPICON_NAME = AppIcon;
				ASSETCATALOG_COMPILER_GLOBAL_ACCENT_COLOR_NAME = AccentColor;
				CODE_SIGN_STYLE = Automatic;
				CURRENT_PROJECT_VERSION = 1;
				GENERATE_INFOPLIST_FILE = YES;
				INFOPLIST_FILE = FilteringOperations/Info.plist;
				INFOPLIST_KEY_UIApplicationSupportsIndirectInputEvents = YES;
				INFOPLIST_KEY_UILaunchStoryboardName = LaunchScreen;
				INFOPLIST_KEY_UIMainStoryboardFile = Main;
				INFOPLIST_KEY_UISupportedInterfaceOrientations_iPad = "UIInterfaceOrientationPortrait UIInterfaceOrientationPortraitUpsideDown UIInterfaceOrientationLandscapeLeft UIInterfaceOrientationLandscapeRight";
				INFOPLIST_KEY_UISupportedInterfaceOrientations_iPhone = "UIInterfaceOrientationPortrait UIInterfaceOrientationLandscapeLeft UIInterfaceOrientationLandscapeRight";
				LD_RUNPATH_SEARCH_PATHS = (
					"$(inherited)",
					"@executable_path/Frameworks",
				);
				MARKETING_VERSION = 1.0;
				PRODUCT_BUNDLE_IDENTIFIER = com.studyfans.FilteringOperations;
				PRODUCT_NAME = "$(TARGET_NAME)";
				SWIFT_EMIT_LOC_STRINGS = YES;
				SWIFT_VERSION = 5.0;
				TARGETED_DEVICE_FAMILY = "1,2";
			};
			name = Debug;
		};
		32DFE00D2DACE19D0056BEE8 /* Release */ = {
			isa = XCBuildConfiguration;
			baseConfigurationReference = F3593773557D5A884330275E /* Pods-FilteringOperations.release.xcconfig */;
			buildSettings = {
				ASSETCATALOG_COMPILER_APPICON_NAME = AppIcon;
				ASSETCATALOG_COMPILER_GLOBAL_ACCENT_COLOR_NAME = AccentColor;
				CODE_SIGN_STYLE = Automatic;
				CURRENT_PROJECT_VERSION = 1;
				GENERATE_INFOPLIST_FILE = YES;
				INFOPLIST_FILE = FilteringOperations/Info.plist;
				INFOPLIST_KEY_UIApplicationSupportsIndirectInputEvents = YES;
				INFOPLIST_KEY_UILaunchStoryboardName = LaunchScreen;
				INFOPLIST_KEY_UIMainStoryboardFile = Main;
				INFOPLIST_KEY_UISupportedInterfaceOrientations_iPad = "UIInterfaceOrientationPortrait UIInterfaceOrientationPortraitUpsideDown UIInterfaceOrientationLandscapeLeft UIInterfaceOrientationLandscapeRight";
				INFOPLIST_KEY_UISupportedInterfaceOrientations_iPhone = "UIInterfaceOrientationPortrait UIInterfaceOrientationLandscapeLeft UIInterfaceOrientationLandscapeRight";
				LD_RUNPATH_SEARCH_PATHS = (
					"$(inherited)",
					"@executable_path/Frameworks",
				);
				MARKETING_VERSION = 1.0;
				PRODUCT_BUNDLE_IDENTIFIER = com.studyfans.FilteringOperations;
				PRODUCT_NAME = "$(TARGET_NAME)";
				SWIFT_EMIT_LOC_STRINGS = YES;
				SWIFT_VERSION = 5.0;
				TARGETED_DEVICE_FAMILY = "1,2";
			};
			name = Release;
		};
/* End XCBuildConfiguration section */

/* Begin XCConfigurationList section */
		32DFDFF22DACE1970056BEE8 /* Build configuration list for PBXProject "FilteringOperations" */ = {
			isa = XCConfigurationList;
			buildConfigurations = (
				32DFE0092DACE19D0056BEE8 /* Debug */,
				32DFE00A2DACE19D0056BEE8 /* Release */,
			);
			defaultConfigurationIsVisible = 0;
			defaultConfigurationName = Release;
		};
		32DFE00B2DACE19D0056BEE8 /* Build configuration list for PBXNativeTarget "FilteringOperations" */ = {
			isa = XCConfigurationList;
			buildConfigurations = (
				32DFE00C2DACE19D0056BEE8 /* Debug */,
				32DFE00D2DACE19D0056BEE8 /* Release */,
			);
			defaultConfigurationIsVisible = 0;
			defaultConfigurationName = Release;
		};
/* End XCConfigurationList section */
	};
	rootObject = 32DFDFEF2DACE1970056BEE8 /* Project object */;
}
